{
  "name": "superpowers-engine",
  "version": "1.0.0",
  "lockfileVersion": 1,
  "requires": true,
  "dependencies": {
    "@types/three": {
      "version": "0.81.1",
      "resolved": "https://registry.npmjs.org/@types/three/-/three-0.81.1.tgz",
      "integrity": "sha1-g+Ng/Ts1ZGQM6b2WdZnFcvRhgVo=",
      "dev": true,
      "requires": {
        "@types/webvr-api": "*"
      }
    },
    "@types/webvr-api": {
      "version": "0.0.35",
      "resolved": "https://registry.npmjs.org/@types/webvr-api/-/webvr-api-0.0.35.tgz",
      "integrity": "sha512-jdpJqweU5v7hYwUlHKQU6wzjQvUfBfmTz4WBwVd/5PVGYalKm6YbEnM/3T+M+QzRYf2R/ojBGnrWpjHBZFR3Og==",
      "dev": true
    },
    "three": {
      "version": "0.125.0",
      "resolved": "https://registry.npmjs.org/three/-/three-0.125.0.tgz",
      "integrity": "sha512-qL36qUGsPQ/Ofo/RZdXwHwM7A8wzUSAIyawtjIebJSPvounUQeneSqxI0aBY2iwKpseGy+RUtj3C5f/z4poyXw=="
    }
  }
}
