{
  "name": "superpowers-engine",
  "version": "1.0.0",
  "lockfileVersion": 1,
  "requires": true,
  "dependencies": {
    "@types/three": {
      "version": "0.0.24",
      "resolved": "https://registry.npmjs.org/@types/three/-/three-0.0.24.tgz",
      "integrity": "sha1-PtF9zL+dODtu8ngD42npEn4zlVk=",
      "dev": true
    },
    "three": {
      "version": "0.81.2",
      "resolved": "https://registry.npmjs.org/three/-/three-0.81.2.tgz",
      "integrity": "sha1-EAwHjc+7CiNePUMwZrGyaxRcacM="
    }
  }
}
