{
  "name": "superpowers-game-default-shader-plugin",
  "version": "1.0.0",
  "lockfileVersion": 1,
  "requires": true,
  "dependencies": {
    "operational-transform": {
      "version": "0.2.3",
      "resolved": "https://registry.npmjs.org/operational-transform/-/operational-transform-0.2.3.tgz",
      "integrity": "sha1-zzJ3QxK0u5pGR465Sfpqyq3V1Ag="
    }
  }
}
