{
  "name": "superpowers-game-extra-p2js-plugin",
  "version": "1.0.0",
  "lockfileVersion": 1,
  "requires": true,
  "dependencies": {
    "p2": {
      "version": "0.7.1",
      "resolved": "https://registry.npmjs.org/p2/-/p2-0.7.1.tgz",
      "integrity": "sha1-JfJHTZvDptMUCh2iamfJ4RislUM=",
      "requires": {
        "poly-decomp": "0.1.1"
      }
    },
    "poly-decomp": {
      "version": "0.1.1",
      "resolved": "https://registry.npmjs.org/poly-decomp/-/poly-decomp-0.1.1.tgz",
      "integrity": "sha1-n2jE+lWGY3kcm6TC33KD8wlsI8k="
    }
  }
}
